
Microsoft Visual Studio Solution File, Format Version 11.00
# Visual Studio 2010
Project("{FAE04EC0-301F-11D3-BF4B-00C04F79EFBC}") = "UserVoice", "UserVoice\UserVoice.csproj", "{3A0C5D98-D568-43C1-A877-B1BA00BA4A87}"
EndProject
Global
	GlobalSection(SolutionConfigurationPlatforms) = preSolution
		Debug|Any CPU = Debug|Any CPU
		Release|Any CPU = Release|Any CPU
	EndGlobalSection
	GlobalSection(ProjectConfigurationPlatforms) = postSolution
		{3A0C5D98-D568-43C1-A877-B1BA00BA4A87}.Debug|Any CPU.ActiveCfg = Debug|Any CPU
		{3A0C5D98-D568-43C1-A877-B1BA00BA4A87}.Debug|Any CPU.Build.0 = Debug|Any CPU
		{3A0C5D98-D568-43C1-A877-B1BA00BA4A87}.Release|Any CPU.ActiveCfg = Release|Any CPU
		{3A0C5D98-D568-43C1-A877-B1BA00BA4A87}.Release|Any CPU.Build.0 = Release|Any CPU
	EndGlobalSection
	GlobalSection(MonoDevelopProperties) = preSolution
		StartupItem = UserVoice\UserVoice.csproj
	EndGlobalSection
EndGlobal
